// !$*UTF8*$!
{
	archiveVersion = 1;
	classes = {
	};
	objectVersion = 46;
	objects = {

/* Begin PBXBuildFile section */
		7A81D1111B4A2A3A00FF3F38 /* AppDelegate.swift in Sources */ = {isa = PBXBuildFile; fileRef = 7A81D1101B4A2A3A00FF3F38 /* AppDelegate.swift */; };
		7A81D1161B4A2A3A00FF3F38 /* Main.storyboard in Resources */ = {isa = PBXBuildFile; fileRef = 7A81D1141B4A2A3A00FF3F38 /* Main.storyboard */; };
		7A81D1181B4A2A3A00FF3F38 /* Images.xcassets in Resources */ = {isa = PBXBuildFile; fileRef = 7A81D1171B4A2A3A00FF3F38 /* Images.xcassets */; };
		7A81D11B1B4A2A3A00FF3F38 /* LaunchScreen.xib in Resources */ = {isa = PBXBuildFile; fileRef = 7A81D1191B4A2A3A00FF3F38 /* LaunchScreen.xib */; };
		7A81D1271B4A2A3A00FF3F38 /* RekelTests.swift in Sources */ = {isa = PBXBuildFile; fileRef = 7A81D1261B4A2A3A00FF3F38 /* RekelTests.swift */; };
		7ADB3D161B4A682600EDCE24 /* LogInViewController.swift in Sources */ = {isa = PBXBuildFile; fileRef = 7ADB3D151B4A682600EDCE24 /* LogInViewController.swift */; };
		845E0F72D382008CBCDFA345 /* libPods.a in Frameworks */ = {isa = PBXBuildFile; fileRef = 629180A611A3F44FF44ADEA3 /* libPods.a */; };
/* End PBXBuildFile section */

/* Begin PBXContainerItemProxy section */
		7A81D1211B4A2A3A00FF3F38 /* PBXContainerItemProxy */ = {
			isa = PBXContainerItemProxy;
			containerPortal = 7A81D1031B4A2A3A00FF3F38 /* Project object */;
			proxyType = 1;
			remoteGlobalIDString = 7A81D10A1B4A2A3A00FF3F38;
			remoteInfo = Rekel;
		};
/* End PBXContainerItemProxy section */

/* Begin PBXFileReference section */
		1DF71896DC445DE668F4C026 /* Pods.release.xcconfig */ = {isa = PBXFileReference; includeInIndex = 1; lastKnownFileType = text.xcconfig; name = Pods.release.xcconfig; path = "Pods/Target Support Files/Pods/Pods.release.xcconfig"; sourceTree = "<group>"; };
		629180A611A3F44FF44ADEA3 /* libPods.a */ = {isa = PBXFileReference; explicitFileType = archive.ar; includeInIndex = 0; path = libPods.a; sourceTree = BUILT_PRODUCTS_DIR; };
		7A81D10B1B4A2A3A00FF3F38 /* Rekel.app */ = {isa = PBXFileReference; explicitFileType = wrapper.application; includeInIndex = 0; path = Rekel.app; sourceTree = BUILT_PRODUCTS_DIR; };
		7A81D10F1B4A2A3A00FF3F38 /* Info.plist */ = {isa = PBXFileReference; lastKnownFileType = text.plist.xml; path = Info.plist; sourceTree = "<group>"; };
		7A81D1101B4A2A3A00FF3F38 /* AppDelegate.swift */ = {isa = PBXFileReference; lastKnownFileType = sourcecode.swift; path = AppDelegate.swift; sourceTree = "<group>"; };
		7A81D1151B4A2A3A00FF3F38 /* Base */ = {isa = PBXFileReference; lastKnownFileType = file.storyboard; name = Base; path = Base.lproj/Main.storyboard; sourceTree = "<group>"; };
		7A81D1171B4A2A3A00FF3F38 /* Images.xcassets */ = {isa = PBXFileReference; lastKnownFileType = folder.assetcatalog; path = Images.xcassets; sourceTree = "<group>"; };
		7A81D11A1B4A2A3A00FF3F38 /* Base */ = {isa = PBXFileReference; lastKnownFileType = file.xib; name = Base; path = Base.lproj/LaunchScreen.xib; sourceTree = "<group>"; };
		7A81D1201B4A2A3A00FF3F38 /* RekelTests.xctest */ = {isa = PBXFileReference; explicitFileType = wrapper.cfbundle; includeInIndex = 0; path = RekelTests.xctest; sourceTree = BUILT_PRODUCTS_DIR; };
		7A81D1251B4A2A3A00FF3F38 /* Info.plist */ = {isa = PBXFileReference; lastKnownFileType = text.plist.xml; path = Info.plist; sourceTree = "<group>"; };
		7A81D1261B4A2A3A00FF3F38 /* RekelTests.swift */ = {isa = PBXFileReference; lastKnownFileType = sourcecode.swift; path = RekelTests.swift; sourceTree = "<group>"; };
		7A81D1301B4A31A800FF3F38 /* Rekel-Bridging-Header.h */ = {isa = PBXFileReference; lastKnownFileType = sourcecode.c.h; path = "Rekel-Bridging-Header.h"; sourceTree = "<group>"; };
		7ADB3D151B4A682600EDCE24 /* LogInViewController.swift */ = {isa = PBXFileReference; fileEncoding = 4; lastKnownFileType = sourcecode.swift; path = LogInViewController.swift; sourceTree = "<group>"; };
		DE4E4C14F0F19D4E613EAAE0 /* Pods.debug.xcconfig */ = {isa = PBXFileReference; includeInIndex = 1; lastKnownFileType = text.xcconfig; name = Pods.debug.xcconfig; path = "Pods/Target Support Files/Pods/Pods.debug.xcconfig"; sourceTree = "<group>"; };
/* End PBXFileReference section */

/* Begin PBXFrameworksBuildPhase section */
		7A81D1081B4A2A3A00FF3F38 /* Frameworks */ = {
			isa = PBXFrameworksBuildPhase;
			buildActionMask = 2147483647;
			files = (
				845E0F72D382008CBCDFA345 /* libPods.a in Frameworks */,
			);
			runOnlyForDeploymentPostprocessing = 0;
		};
		7A81D11D1B4A2A3A00FF3F38 /* Frameworks */ = {
			isa = PBXFrameworksBuildPhase;
			buildActionMask = 2147483647;
			files = (
			);
			runOnlyForDeploymentPostprocessing = 0;
		};
/* End PBXFrameworksBuildPhase section */

/* Begin PBXGroup section */
		7A81D1021B4A2A3A00FF3F38 = {
			isa = PBXGroup;
			children = (
				7A81D10D1B4A2A3A00FF3F38 /* Rekel */,
				7A81D1231B4A2A3A00FF3F38 /* RekelTests */,
				7A81D10C1B4A2A3A00FF3F38 /* Products */,
				D04E8B0CD96D41A19F573BC4 /* Pods */,
				898C609E952934D32F962883 /* Frameworks */,
			);
			sourceTree = "<group>";
		};
		7A81D10C1B4A2A3A00FF3F38 /* Products */ = {
			isa = PBXGroup;
			children = (
				7A81D10B1B4A2A3A00FF3F38 /* Rekel.app */,
				7A81D1201B4A2A3A00FF3F38 /* RekelTests.xctest */,
			);
			name = Products;
			sourceTree = "<group>";
		};
		7A81D10D1B4A2A3A00FF3F38 /* Rekel */ = {
			isa = PBXGroup;
			children = (
				7A81D1141B4A2A3A00FF3F38 /* Main.storyboard */,
				7ADB3D151B4A682600EDCE24 /* LogInViewController.swift */,
				7A81D10E1B4A2A3A00FF3F38 /* Supporting Files */,
				7A81D1301B4A31A800FF3F38 /* Rekel-Bridging-Header.h */,
			);
			path = Rekel;
			sourceTree = "<group>";
		};
		7A81D10E1B4A2A3A00FF3F38 /* Supporting Files */ = {
			isa = PBXGroup;
			children = (
				7A81D1101B4A2A3A00FF3F38 /* AppDelegate.swift */,
				7A81D1171B4A2A3A00FF3F38 /* Images.xcassets */,
				7A81D1191B4A2A3A00FF3F38 /* LaunchScreen.xib */,
				7A81D10F1B4A2A3A00FF3F38 /* Info.plist */,
			);
			name = "Supporting Files";
			sourceTree = "<group>";
		};
		7A81D1231B4A2A3A00FF3F38 /* RekelTests */ = {
			isa = PBXGroup;
			children = (
				7A81D1261B4A2A3A00FF3F38 /* RekelTests.swift */,
				7A81D1241B4A2A3A00FF3F38 /* Supporting Files */,
			);
			path = RekelTests;
			sourceTree = "<group>";
		};
		7A81D1241B4A2A3A00FF3F38 /* Supporting Files */ = {
			isa = PBXGroup;
			children = (
				7A81D1251B4A2A3A00FF3F38 /* Info.plist */,
			);
			name = "Supporting Files";
			sourceTree = "<group>";
		};
		898C609E952934D32F962883 /* Frameworks */ = {
			isa = PBXGroup;
			children = (
				629180A611A3F44FF44ADEA3 /* libPods.a */,
			);
			name = Frameworks;
			sourceTree = "<group>";
		};
		D04E8B0CD96D41A19F573BC4 /* Pods */ = {
			isa = PBXGroup;
			children = (
				DE4E4C14F0F19D4E613EAAE0 /* Pods.debug.xcconfig */,
				1DF71896DC445DE668F4C026 /* Pods.release.xcconfig */,
			);
			name = Pods;
			sourceTree = "<group>";
		};
/* End PBXGroup section */

/* Begin PBXNativeTarget section */
		7A81D10A1B4A2A3A00FF3F38 /* Rekel */ = {
			isa = PBXNativeTarget;
			buildConfigurationList = 7A81D12A1B4A2A3A00FF3F38 /* Build configuration list for PBXNativeTarget "Rekel" */;
			buildPhases = (
				810E6E4A9F9E8DA132CE1B2E /* Check Pods Manifest.lock */,
				7A81D1071B4A2A3A00FF3F38 /* Sources */,
				7A81D1081B4A2A3A00FF3F38 /* Frameworks */,
				7A81D1091B4A2A3A00FF3F38 /* Resources */,
				390171C72A5FD50153C9C98B /* Copy Pods Resources */,
			);
			buildRules = (
			);
			dependencies = (
			);
			name = Rekel;
			productName = Rekel;
			productReference = 7A81D10B1B4A2A3A00FF3F38 /* Rekel.app */;
			productType = "com.apple.product-type.application";
		};
		7A81D11F1B4A2A3A00FF3F38 /* RekelTests */ = {
			isa = PBXNativeTarget;
			buildConfigurationList = 7A81D12D1B4A2A3A00FF3F38 /* Build configuration list for PBXNativeTarget "RekelTests" */;
			buildPhases = (
				7A81D11C1B4A2A3A00FF3F38 /* Sources */,
				7A81D11D1B4A2A3A00FF3F38 /* Frameworks */,
				7A81D11E1B4A2A3A00FF3F38 /* Resources */,
			);
			buildRules = (
			);
			dependencies = (
				7A81D1221B4A2A3A00FF3F38 /* PBXTargetDependency */,
			);
			name = RekelTests;
			productName = RekelTests;
			productReference = 7A81D1201B4A2A3A00FF3F38 /* RekelTests.xctest */;
			productType = "com.apple.product-type.bundle.unit-test";
		};
/* End PBXNativeTarget section */

/* Begin PBXProject section */
		7A81D1031B4A2A3A00FF3F38 /* Project object */ = {
			isa = PBXProject;
			attributes = {
				LastUpgradeCheck = 0640;
				ORGANIZATIONNAME = "Rekel Team";
				TargetAttributes = {
					7A81D10A1B4A2A3A00FF3F38 = {
						CreatedOnToolsVersion = 6.4;
					};
					7A81D11F1B4A2A3A00FF3F38 = {
						CreatedOnToolsVersion = 6.4;
						TestTargetID = 7A81D10A1B4A2A3A00FF3F38;
					};
				};
			};
			buildConfigurationList = 7A81D1061B4A2A3A00FF3F38 /* Build configuration list for PBXProject "Rekel" */;
			compatibilityVersion = "Xcode 3.2";
			developmentRegion = English;
			hasScannedForEncodings = 0;
			knownRegions = (
				en,
				Base,
			);
			mainGroup = 7A81D1021B4A2A3A00FF3F38;
			productRefGroup = 7A81D10C1B4A2A3A00FF3F38 /* Products */;
			projectDirPath = "";
			projectRoot = "";
			targets = (
				7A81D10A1B4A2A3A00FF3F38 /* Rekel */,
				7A81D11F1B4A2A3A00FF3F38 /* RekelTests */,
			);
		};
/* End PBXProject section */

/* Begin PBXResourcesBuildPhase section */
		7A81D1091B4A2A3A00FF3F38 /* Resources */ = {
			isa = PBXResourcesBuildPhase;
			buildActionMask = 2147483647;
			files = (
				7A81D1161B4A2A3A00FF3F38 /* Main.storyboard in Resources */,
				7A81D11B1B4A2A3A00FF3F38 /* LaunchScreen.xib in Resources */,
				7A81D1181B4A2A3A00FF3F38 /* Images.xcassets in Resources */,
			);
			runOnlyForDeploymentPostprocessing = 0;
		};
		7A81D11E1B4A2A3A00FF3F38 /* Resources */ = {
			isa = PBXResourcesBuildPhase;
			buildActionMask = 2147483647;
			files = (
			);
			runOnlyForDeploymentPostprocessing = 0;
		};
/* End PBXResourcesBuildPhase section */

/* Begin PBXShellScriptBuildPhase section */
		390171C72A5FD50153C9C98B /* Copy Pods Resources */ = {
			isa = PBXShellScriptBuildPhase;
			buildActionMask = 2147483647;
			files = (
			);
			inputPaths = (
			);
			name = "Copy Pods Resources";
			outputPaths = (
			);
			runOnlyForDeploymentPostprocessing = 0;
			shellPath = /bin/sh;
			shellScript = "\"${SRCROOT}/Pods/Target Support Files/Pods/Pods-resources.sh\"\n";
			showEnvVarsInLog = 0;
		};
		810E6E4A9F9E8DA132CE1B2E /* Check Pods Manifest.lock */ = {
			isa = PBXShellScriptBuildPhase;
			buildActionMask = 2147483647;
			files = (
			);
			inputPaths = (
			);
			name = "Check Pods Manifest.lock";
			outputPaths = (
			);
			runOnlyForDeploymentPostprocessing = 0;
			shellPath = /bin/sh;
			shellScript = "diff \"${PODS_ROOT}/../Podfile.lock\" \"${PODS_ROOT}/Manifest.lock\" > /dev/null\nif [[ $? != 0 ]] ; then\n    cat << EOM\nerror: The sandbox is not in sync with the Podfile.lock. Run 'pod install' or update your CocoaPods installation.\nEOM\n    exit 1\nfi\n";
			showEnvVarsInLog = 0;
		};
/* End PBXShellScriptBuildPhase section */

/* Begin PBXSourcesBuildPhase section */
		7A81D1071B4A2A3A00FF3F38 /* Sources */ = {
			isa = PBXSourcesBuildPhase;
			buildActionMask = 2147483647;
			files = (
				7ADB3D161B4A682600EDCE24 /* LogInViewController.swift in Sources */,
				7A81D1111B4A2A3A00FF3F38 /* AppDelegate.swift in Sources */,
			);
			runOnlyForDeploymentPostprocessing = 0;
		};
		7A81D11C1B4A2A3A00FF3F38 /* Sources */ = {
			isa = PBXSourcesBuildPhase;
			buildActionMask = 2147483647;
			files = (
				7A81D1271B4A2A3A00FF3F38 /* RekelTests.swift in Sources */,
			);
			runOnlyForDeploymentPostprocessing = 0;
		};
/* End PBXSourcesBuildPhase section */

/* Begin PBXTargetDependency section */
		7A81D1221B4A2A3A00FF3F38 /* PBXTargetDependency */ = {
			isa = PBXTargetDependency;
			target = 7A81D10A1B4A2A3A00FF3F38 /* Rekel */;
			targetProxy = 7A81D1211B4A2A3A00FF3F38 /* PBXContainerItemProxy */;
		};
/* End PBXTargetDependency section */

/* Begin PBXVariantGroup section */
		7A81D1141B4A2A3A00FF3F38 /* Main.storyboard */ = {
			isa = PBXVariantGroup;
			children = (
				7A81D1151B4A2A3A00FF3F38 /* Base */,
			);
			name = Main.storyboard;
			sourceTree = "<group>";
		};
		7A81D1191B4A2A3A00FF3F38 /* LaunchScreen.xib */ = {
			isa = PBXVariantGroup;
			children = (
				7A81D11A1B4A2A3A00FF3F38 /* Base */,
			);
			name = LaunchScreen.xib;
			sourceTree = "<group>";
		};
/* End PBXVariantGroup section */

/* Begin XCBuildConfiguration section */
		7A81D1281B4A2A3A00FF3F38 /* Debug */ = {
			isa = XCBuildConfiguration;
			buildSettings = {
				ALWAYS_SEARCH_USER_PATHS = NO;
				CLANG_CXX_LANGUAGE_STANDARD = "gnu++0x";
				CLANG_CXX_LIBRARY = "libc++";
				CLANG_ENABLE_MODULES = YES;
				CLANG_ENABLE_OBJC_ARC = YES;
				CLANG_WARN_BOOL_CONVERSION = YES;
				CLANG_WARN_CONSTANT_CONVERSION = YES;
				CLANG_WARN_DIRECT_OBJC_ISA_USAGE = YES_ERROR;
				CLANG_WARN_EMPTY_BODY = YES;
				CLANG_WARN_ENUM_CONVERSION = YES;
				CLANG_WARN_INT_CONVERSION = YES;
				CLANG_WARN_OBJC_ROOT_CLASS = YES_ERROR;
				CLANG_WARN_UNREACHABLE_CODE = YES;
				CLANG_WARN__DUPLICATE_METHOD_MATCH = YES;
				"CODE_SIGN_IDENTITY[sdk=iphoneos*]" = "iPhone Developer";
				COPY_PHASE_STRIP = NO;
				DEBUG_INFORMATION_FORMAT = "dwarf-with-dsym";
				ENABLE_STRICT_OBJC_MSGSEND = YES;
				GCC_C_LANGUAGE_STANDARD = gnu99;
				GCC_DYNAMIC_NO_PIC = NO;
				GCC_NO_COMMON_BLOCKS = YES;
				GCC_OPTIMIZATION_LEVEL = 0;
				GCC_PREPROCESSOR_DEFINITIONS = (
					"DEBUG=1",
					"$(inherited)",
				);
				GCC_SYMBOLS_PRIVATE_EXTERN = NO;
				GCC_WARN_64_TO_32_BIT_CONVERSION = YES;
				GCC_WARN_ABOUT_RETURN_TYPE = YES_ERROR;
				GCC_WARN_UNDECLARED_SELECTOR = YES;
				GCC_WARN_UNINITIALIZED_AUTOS = YES_AGGRESSIVE;
				GCC_WARN_UNUSED_FUNCTION = YES;
				GCC_WARN_UNUSED_VARIABLE = YES;
				IPHONEOS_DEPLOYMENT_TARGET = 8.4;
				MTL_ENABLE_DEBUG_INFO = YES;
				ONLY_ACTIVE_ARCH = YES;
				SDKROOT = iphoneos;
				SWIFT_OPTIMIZATION_LEVEL = "-Onone";
			};
			name = Debug;
		};
		7A81D1291B4A2A3A00FF3F38 /* Release */ = {
			isa = XCBuildConfiguration;
			buildSettings = {
				ALWAYS_SEARCH_USER_PATHS = NO;
				CLANG_CXX_LANGUAGE_STANDARD = "gnu++0x";
				CLANG_CXX_LIBRARY = "libc++";
				CLANG_ENABLE_MODULES = YES;
				CLANG_ENABLE_OBJC_ARC = YES;
				CLANG_WARN_BOOL_CONVERSION = YES;
				CLANG_WARN_CONSTANT_CONVERSION = YES;
				CLANG_WARN_DIRECT_OBJC_ISA_USAGE = YES_ERROR;
				CLANG_WARN_EMPTY_BODY = YES;
				CLANG_WARN_ENUM_CONVERSION = YES;
				CLANG_WARN_INT_CONVERSION = YES;
				CLANG_WARN_OBJC_ROOT_CLASS = YES_ERROR;
				CLANG_WARN_UNREACHABLE_CODE = YES;
				CLANG_WARN__DUPLICATE_METHOD_MATCH = YES;
				"CODE_SIGN_IDENTITY[sdk=iphoneos*]" = "iPhone Developer";
				COPY_PHASE_STRIP = NO;
				DEBUG_INFORMATION_FORMAT = "dwarf-with-dsym";
				ENABLE_NS_ASSERTIONS = NO;
				ENABLE_STRICT_OBJC_MSGSEND = YES;
				GCC_C_LANGUAGE_STANDARD = gnu99;
				GCC_NO_COMMON_BLOCKS = YES;
				GCC_WARN_64_TO_32_BIT_CONVERSION = YES;
				GCC_WARN_ABOUT_RETURN_TYPE = YES_ERROR;
				GCC_WARN_UNDECLARED_SELECTOR = YES;
				GCC_WARN_UNINITIALIZED_AUTOS = YES_AGGRESSIVE;
				GCC_WARN_UNUSED_FUNCTION = YES;
				GCC_WARN_UNUSED_VARIABLE = YES;
				IPHONEOS_DEPLOYMENT_TARGET = 8.4;
				MTL_ENABLE_DEBUG_INFO = NO;
				SDKROOT = iphoneos;
				VALIDATE_PRODUCT = YES;
			};
			name = Release;
		};
		7A81D12B1B4A2A3A00FF3F38 /* Debug */ = {
			isa = XCBuildConfiguration;
			baseConfigurationReference = DE4E4C14F0F19D4E613EAAE0 /* Pods.debug.xcconfig */;
			buildSettings = {
				ASSETCATALOG_COMPILER_APPICON_NAME = AppIcon;
				CLANG_ALLOW_NON_MODULAR_INCLUDES_IN_FRAMEWORK_MODULES = NO;
				CLANG_ENABLE_MODULES = YES;
				INFOPLIST_FILE = Rekel/Info.plist;
				LD_RUNPATH_SEARCH_PATHS = "$(inherited) @executable_path/Frameworks";
				PRODUCT_NAME = "$(TARGET_NAME)";
				SWIFT_OBJC_BRIDGING_HEADER = "Rekel/Rekel-Bridging-Header.h";
				SWIFT_OPTIMIZATION_LEVEL = "-Onone";
			};
			name = Debug;
		};
		7A81D12C1B4A2A3A00FF3F38 /* Release */ = {
			isa = XCBuildConfiguration;
			baseConfigurationReference = 1DF71896DC445DE668F4C026 /* Pods.release.xcconfig */;
			buildSettings = {
				ASSETCATALOG_COMPILER_APPICON_NAME = AppIcon;
				CLANG_ALLOW_NON_MODULAR_INCLUDES_IN_FRAMEWORK_MODULES = NO;
				CLANG_ENABLE_MODULES = YES;
				INFOPLIST_FILE = Rekel/Info.plist;
				LD_RUNPATH_SEARCH_PATHS = "$(inherited) @executable_path/Frameworks";
				PRODUCT_NAME = "$(TARGET_NAME)";
				SWIFT_OBJC_BRIDGING_HEADER = "Rekel/Rekel-Bridging-Header.h";
			};
			name = Release;
		};
		7A81D12E1B4A2A3A00FF3F38 /* Debug */ = {
			isa = XCBuildConfiguration;
			buildSettings = {
				BUNDLE_LOADER = "$(TEST_HOST)";
				FRAMEWORK_SEARCH_PATHS = (
					"$(SDKROOT)/Developer/Library/Frameworks",
					"$(inherited)",
				);
				GCC_PREPROCESSOR_DEFINITIONS = (
					"DEBUG=1",
					"$(inherited)",
				);
				INFOPLIST_FILE = RekelTests/Info.plist;
				LD_RUNPATH_SEARCH_PATHS = "$(inherited) @executable_path/Frameworks @loader_path/Frameworks";
				PRODUCT_NAME = "$(TARGET_NAME)";
				TEST_HOST = "$(BUILT_PRODUCTS_DIR)/Rekel.app/Rekel";
			};
			name = Debug;
		};
		7A81D12F1B4A2A3A00FF3F38 /* Release */ = {
			isa = XCBuildConfiguration;
			buildSettings = {
				BUNDLE_LOADER = "$(TEST_HOST)";
				FRAMEWORK_SEARCH_PATHS = (
					"$(SDKROOT)/Developer/Library/Frameworks",
					"$(inherited)",
				);
				INFOPLIST_FILE = RekelTests/Info.plist;
				LD_RUNPATH_SEARCH_PATHS = "$(inherited) @executable_path/Frameworks @loader_path/Frameworks";
				PRODUCT_NAME = "$(TARGET_NAME)";
				TEST_HOST = "$(BUILT_PRODUCTS_DIR)/Rekel.app/Rekel";
			};
			name = Release;
		};
/* End XCBuildConfiguration section */

/* Begin XCConfigurationList section */
		7A81D1061B4A2A3A00FF3F38 /* Build configuration list for PBXProject "Rekel" */ = {
			isa = XCConfigurationList;
			buildConfigurations = (
				7A81D1281B4A2A3A00FF3F38 /* Debug */,
				7A81D1291B4A2A3A00FF3F38 /* Release */,
			);
			defaultConfigurationIsVisible = 0;
			defaultConfigurationName = Release;
		};
		7A81D12A1B4A2A3A00FF3F38 /* Build configuration list for PBXNativeTarget "Rekel" */ = {
			isa = XCConfigurationList;
			buildConfigurations = (
				7A81D12B1B4A2A3A00FF3F38 /* Debug */,
				7A81D12C1B4A2A3A00FF3F38 /* Release */,
			);
			defaultConfigurationIsVisible = 0;
			defaultConfigurationName = Release;
		};
		7A81D12D1B4A2A3A00FF3F38 /* Build configuration list for PBXNativeTarget "RekelTests" */ = {
			isa = XCConfigurationList;
			buildConfigurations = (
				7A81D12E1B4A2A3A00FF3F38 /* Debug */,
				7A81D12F1B4A2A3A00FF3F38 /* Release */,
			);
			defaultConfigurationIsVisible = 0;
			defaultConfigurationName = Release;
		};
/* End XCConfigurationList section */
	};
	rootObject = 7A81D1031B4A2A3A00FF3F38 /* Project object */;
}
